// !$*UTF8*$!
{
	archiveVersion = 1;
	classes = {
	};
	objectVersion = 46;
	objects = {

/* Begin PBXBuildFile section */
		53F3F7571CCBD50D0084355A /* AppDelegate.swift in Sources */ = {isa = PBXBuildFile; fileRef = 53F3F7561CCBD50D0084355A /* AppDelegate.swift */; };
		53F3F7591CCBD50D0084355A /* ViewController.swift in Sources */ = {isa = PBXBuildFile; fileRef = 53F3F7581CCBD50D0084355A /* ViewController.swift */; };
		53F3F75C1CCBD50D0084355A /* Main.storyboard in Resources */ = {isa = PBXBuildFile; fileRef = 53F3F75A1CCBD50D0084355A /* Main.storyboard */; };
		53F3F75E1CCBD50D0084355A /* Assets.xcassets in Resources */ = {isa = PBXBuildFile; fileRef = 53F3F75D1CCBD50D0084355A /* Assets.xcassets */; };
		53F3F7611CCBD50D0084355A /* LaunchScreen.storyboard in Resources */ = {isa = PBXBuildFile; fileRef = 53F3F75F1CCBD50D0084355A /* LaunchScreen.storyboard */; };
/* End PBXBuildFile section */

/* Begin PBXFileReference section */
		53F3F7531CCBD50D0084355A /* Calculator.app */ = {isa = PBXFileReference; explicitFileType = wrapper.application; includeInIndex = 0; path = Calculator.app; sourceTree = BUILT_PRODUCTS_DIR; };
		53F3F7561CCBD50D0084355A /* AppDelegate.swift */ = {isa = PBXFileReference; lastKnownFileType = sourcecode.swift; path = AppDelegate.swift; sourceTree = "<group>"; };
		53F3F7581CCBD50D0084355A /* ViewController.swift */ = {isa = PBXFileReference; lastKnownFileType = sourcecode.swift; path = ViewController.swift; sourceTree = "<group>"; };
		53F3F75B1CCBD50D0084355A /* Base */ = {isa = PBXFileReference; lastKnownFileType = file.storyboard; name = Base; path = Base.lproj/Main.storyboard; sourceTree = "<group>"; };
		53F3F75D1CCBD50D0084355A /* Assets.xcassets */ = {isa = PBXFileReference; lastKnownFileType = folder.assetcatalog; path = Assets.xcassets; sourceTree = "<group>"; };
		53F3F7601CCBD50D0084355A /* Base */ = {isa = PBXFileReference; lastKnownFileType = file.storyboard; name = Base; path = Base.lproj/LaunchScreen.storyboard; sourceTree = "<group>"; };
		53F3F7621CCBD50D0084355A /* Info.plist */ = {isa = PBXFileReference; lastKnownFileType = text.plist.xml; path = Info.plist; sourceTree = "<group>"; };
/* End PBXFileReference section */

/* Begin PBXFrameworksBuildPhase section */
		53F3F7501CCBD50D0084355A /* Frameworks */ = {
			isa = PBXFrameworksBuildPhase;
			buildActionMask = 2147483647;
			files = (
			);
			runOnlyForDeploymentPostprocessing = 0;
		};
/* End PBXFrameworksBuildPhase section */

/* Begin PBXGroup section */
		53F3F74A1CCBD50D0084355A = {
			isa = PBXGroup;
			children = (
				53F3F7551CCBD50D0084355A /* Calculator */,
				53F3F7541CCBD50D0084355A /* Products */,
			);
			sourceTree = "<group>";
		};
		53F3F7541CCBD50D0084355A /* Products */ = {
			isa = PBXGroup;
			children = (
				53F3F7531CCBD50D0084355A /* Calculator.app */,
			);
			name = Products;
			sourceTree = "<group>";
		};
		53F3F7551CCBD50D0084355A /* Calculator */ = {
			isa = PBXGroup;
			children = (
				53F3F7561CCBD50D0084355A /* AppDelegate.swift */,
				53F3F7581CCBD50D0084355A /* ViewController.swift */,
				53F3F75A1CCBD50D0084355A /* Main.storyboard */,
				53F3F7681CCBD55E0084355A /* Supporting Files */,
			);
			path = Calculator;
			sourceTree = "<group>";
		};
		53F3F7681CCBD55E0084355A /* Supporting Files */ = {
			isa = PBXGroup;
			children = (
				53F3F75D1CCBD50D0084355A /* Assets.xcassets */,
				53F3F75F1CCBD50D0084355A /* LaunchScreen.storyboard */,
				53F3F7621CCBD50D0084355A /* Info.plist */,
			);
			name = "Supporting Files";
			sourceTree = "<group>";
		};
/* End PBXGroup section */

/* Begin PBXNativeTarget section */
		53F3F7521CCBD50D0084355A /* Calculator */ = {
			isa = PBXNativeTarget;
			buildConfigurationList = 53F3F7651CCBD50D0084355A /* Build configuration list for PBXNativeTarget "Calculator" */;
			buildPhases = (
				53F3F74F1CCBD50D0084355A /* Sources */,
				53F3F7501CCBD50D0084355A /* Frameworks */,
				53F3F7511CCBD50D0084355A /* Resources */,
			);
			buildRules = (
			);
			dependencies = (
			);
			name = Calculator;
			productName = Calculator;
			productReference = 53F3F7531CCBD50D0084355A /* Calculator.app */;
			productType = "com.apple.product-type.application";
		};
/* End PBXNativeTarget section */

/* Begin PBXProject section */
		53F3F74B1CCBD50D0084355A /* Project object */ = {
			isa = PBXProject;
			attributes = {
				LastSwiftUpdateCheck = 0730;
				LastUpgradeCheck = 0730;
				ORGANIZATIONNAME = "Ulrich Schwarz";
				TargetAttributes = {
					53F3F7521CCBD50D0084355A = {
						CreatedOnToolsVersion = 7.3;
					};
				};
			};
			buildConfigurationList = 53F3F74E1CCBD50D0084355A /* Build configuration list for PBXProject "Calculator" */;
			compatibilityVersion = "Xcode 3.2";
			developmentRegion = English;
			hasScannedForEncodings = 0;
			knownRegions = (
				en,
				Base,
			);
			mainGroup = 53F3F74A1CCBD50D0084355A;
			productRefGroup = 53F3F7541CCBD50D0084355A /* Products */;
			projectDirPath = "";
			projectRoot = "";
			targets = (
				53F3F7521CCBD50D0084355A /* Calculator */,
			);
		};
/* End PBXProject section */

/* Begin PBXResourcesBuildPhase section */
		53F3F7511CCBD50D0084355A /* Resources */ = {
			isa = PBXResourcesBuildPhase;
			buildActionMask = 2147483647;
			files = (
				53F3F7611CCBD50D0084355A /* LaunchScreen.storyboard in Resources */,
				53F3F75E1CCBD50D0084355A /* Assets.xcassets in Resources */,
				53F3F75C1CCBD50D0084355A /* Main.storyboard in Resources */,
			);
			runOnlyForDeploymentPostprocessing = 0;
		};
/* End PBXResourcesBuildPhase section */

/* Begin PBXSourcesBuildPhase section */
		53F3F74F1CCBD50D0084355A /* Sources */ = {
			isa = PBXSourcesBuildPhase;
			buildActionMask = 2147483647;
			files = (
				53F3F7591CCBD50D0084355A /* ViewController.swift in Sources */,
				53F3F7571CCBD50D0084355A /* AppDelegate.swift in Sources */,
			);
			runOnlyForDeploymentPostprocessing = 0;
		};
/* End PBXSourcesBuildPhase section */

/* Begin PBXVariantGroup section */
		53F3F75A1CCBD50D0084355A /* Main.storyboard */ = {
			isa = PBXVariantGroup;
			children = (
				53F3F75B1CCBD50D0084355A /* Base */,
			);
			name = Main.storyboard;
			sourceTree = "<group>";
		};
		53F3F75F1CCBD50D0084355A /* LaunchScreen.storyboard */ = {
			isa = PBXVariantGroup;
			children = (
				53F3F7601CCBD50D0084355A /* Base */,
			);
			name = LaunchScreen.storyboard;
			sourceTree = "<group>";
		};
/* End PBXVariantGroup section */

/* Begin XCBuildConfiguration section */
		53F3F7631CCBD50D0084355A /* Debug */ = {
			isa = XCBuildConfiguration;
			buildSettings = {
				ALWAYS_SEARCH_USER_PATHS = NO;
				CLANG_ANALYZER_NONNULL = YES;
				CLANG_CXX_LANGUAGE_STANDARD = "gnu++0x";
				CLANG_CXX_LIBRARY = "libc++";
				CLANG_ENABLE_MODULES = YES;
				CLANG_ENABLE_OBJC_ARC = YES;
				CLANG_WARN_BOOL_CONVERSION = YES;
				CLANG_WARN_CONSTANT_CONVERSION = YES;
				CLANG_WARN_DIRECT_OBJC_ISA_USAGE = YES_ERROR;
				CLANG_WARN_EMPTY_BODY = YES;
				CLANG_WARN_ENUM_CONVERSION = YES;
				CLANG_WARN_INT_CONVERSION = YES;
				CLANG_WARN_OBJC_ROOT_CLASS = YES_ERROR;
				CLANG_WARN_UNREACHABLE_CODE = YES;
				CLANG_WARN__DUPLICATE_METHOD_MATCH = YES;
				"CODE_SIGN_IDENTITY[sdk=iphoneos*]" = "iPhone Developer";
				COPY_PHASE_STRIP = NO;
				DEBUG_INFORMATION_FORMAT = dwarf;
				ENABLE_STRICT_OBJC_MSGSEND = YES;
				ENABLE_TESTABILITY = YES;
				GCC_C_LANGUAGE_STANDARD = gnu99;
				GCC_DYNAMIC_NO_PIC = NO;
				GCC_NO_COMMON_BLOCKS = YES;
				GCC_OPTIMIZATION_LEVEL = 0;
				GCC_PREPROCESSOR_DEFINITIONS = (
					"DEBUG=1",
					"$(inherited)",
				);
				GCC_WARN_64_TO_32_BIT_CONVERSION = YES;
				GCC_WARN_ABOUT_RETURN_TYPE = YES_ERROR;
				GCC_WARN_UNDECLARED_SELECTOR = YES;
				GCC_WARN_UNINITIALIZED_AUTOS = YES_AGGRESSIVE;
				GCC_WARN_UNUSED_FUNCTION = YES;
				GCC_WARN_UNUSED_VARIABLE = YES;
				IPHONEOS_DEPLOYMENT_TARGET = 9.3;
				MTL_ENABLE_DEBUG_INFO = YES;
				ONLY_ACTIVE_ARCH = YES;
				SDKROOT = iphoneos;
				SWIFT_OPTIMIZATION_LEVEL = "-Onone";
			};
			name = Debug;
		};
		53F3F7641CCBD50D0084355A /* Release */ = {
			isa = XCBuildConfiguration;
			buildSettings = {
				ALWAYS_SEARCH_USER_PATHS = NO;
				CLANG_ANALYZER_NONNULL = YES;
				CLANG_CXX_LANGUAGE_STANDARD = "gnu++0x";
				CLANG_CXX_LIBRARY = "libc++";
				CLANG_ENABLE_MODULES = YES;
				CLANG_ENABLE_OBJC_ARC = YES;
				CLANG_WARN_BOOL_CONVERSION = YES;
				CLANG_WARN_CONSTANT_CONVERSION = YES;
				CLANG_WARN_DIRECT_OBJC_ISA_USAGE = YES_ERROR;
				CLANG_WARN_EMPTY_BODY = YES;
				CLANG_WARN_ENUM_CONVERSION = YES;
				CLANG_WARN_INT_CONVERSION = YES;
				CLANG_WARN_OBJC_ROOT_CLASS = YES_ERROR;
				CLANG_WARN_UNREACHABLE_CODE = YES;
				CLANG_WARN__DUPLICATE_METHOD_MATCH = YES;
				"CODE_SIGN_IDENTITY[sdk=iphoneos*]" = "iPhone Developer";
				COPY_PHASE_STRIP = NO;
				DEBUG_INFORMATION_FORMAT = "dwarf-with-dsym";
				ENABLE_NS_ASSERTIONS = NO;
				ENABLE_STRICT_OBJC_MSGSEND = YES;
				GCC_C_LANGUAGE_STANDARD = gnu99;
				GCC_NO_COMMON_BLOCKS = YES;
				GCC_WARN_64_TO_32_BIT_CONVERSION = YES;
				GCC_WARN_ABOUT_RETURN_TYPE = YES_ERROR;
				GCC_WARN_UNDECLARED_SELECTOR = YES;
				GCC_WARN_UNINITIALIZED_AUTOS = YES_AGGRESSIVE;
				GCC_WARN_UNUSED_FUNCTION = YES;
				GCC_WARN_UNUSED_VARIABLE = YES;
				IPHONEOS_DEPLOYMENT_TARGET = 9.3;
				MTL_ENABLE_DEBUG_INFO = NO;
				SDKROOT = iphoneos;
				VALIDATE_PRODUCT = YES;
			};
			name = Release;
		};
		53F3F7661CCBD50D0084355A /* Debug */ = {
			isa = XCBuildConfiguration;
			buildSettings = {
				ASSETCATALOG_COMPILER_APPICON_NAME = AppIcon;
				INFOPLIST_FILE = Calculator/Info.plist;
				LD_RUNPATH_SEARCH_PATHS = "$(inherited) @executable_path/Frameworks";
				PRODUCT_BUNDLE_IDENTIFIER = "de.schwarz-meiningen.Calculator";
				PRODUCT_NAME = "$(TARGET_NAME)";
			};
			name = Debug;
		};
		53F3F7671CCBD50D0084355A /* Release */ = {
			isa = XCBuildConfiguration;
			buildSettings = {
				ASSETCATALOG_COMPILER_APPICON_NAME = AppIcon;
				INFOPLIST_FILE = Calculator/Info.plist;
				LD_RUNPATH_SEARCH_PATHS = "$(inherited) @executable_path/Frameworks";
				PRODUCT_BUNDLE_IDENTIFIER = "de.schwarz-meiningen.Calculator";
				PRODUCT_NAME = "$(TARGET_NAME)";
			};
			name = Release;
		};
/* End XCBuildConfiguration section */

/* Begin XCConfigurationList section */
		53F3F74E1CCBD50D0084355A /* Build configuration list for PBXProject "Calculator" */ = {
			isa = XCConfigurationList;
			buildConfigurations = (
				53F3F7631CCBD50D0084355A /* Debug */,
				53F3F7641CCBD50D0084355A /* Release */,
			);
			defaultConfigurationIsVisible = 0;
			defaultConfigurationName = Release;
		};
		53F3F7651CCBD50D0084355A /* Build configuration list for PBXNativeTarget "Calculator" */ = {
			isa = XCConfigurationList;
			buildConfigurations = (
				53F3F7661CCBD50D0084355A /* Debug */,
				53F3F7671CCBD50D0084355A /* Release */,
			);
			defaultConfigurationIsVisible = 0;
		};
/* End XCConfigurationList section */
	};
	rootObject = 53F3F74B1CCBD50D0084355A /* Project object */;
}
